
Microsoft Visual Studio Solution File, Format Version 12.00
# Visual Studio 15
VisualStudioVersion = 15.0.28307.489
MinimumVisualStudioVersion = 10.0.40219.1
Project("{FAE04EC0-301F-11D3-BF4B-00C04F79EFBC}") = "MemberManagementSystem1", "MemberManagementSystem1\MemberManagementSystem1.csproj", "{7612F2BE-AF4A-45BE-968A-B6ED4F9A48EC}"
EndProject
Global
	GlobalSection(SolutionConfigurationPlatforms) = preSolution
		Debug|Any CPU = Debug|Any CPU
		Release|Any CPU = Release|Any CPU
	EndGlobalSection
	GlobalSection(ProjectConfigurationPlatforms) = postSolution
		{7612F2BE-AF4A-45BE-968A-B6ED4F9A48EC}.Debug|Any CPU.ActiveCfg = Debug|Any CPU
		{7612F2BE-AF4A-45BE-968A-B6ED4F9A48EC}.Debug|Any CPU.Build.0 = Debug|Any CPU
		{7612F2BE-AF4A-45BE-968A-B6ED4F9A48EC}.Release|Any CPU.ActiveCfg = Release|Any CPU
		{7612F2BE-AF4A-45BE-968A-B6ED4F9A48EC}.Release|Any CPU.Build.0 = Release|Any CPU
	EndGlobalSection
	GlobalSection(SolutionProperties) = preSolution
		HideSolutionNode = FALSE
	EndGlobalSection
	GlobalSection(ExtensibilityGlobals) = postSolution
		SolutionGuid = {9850B948-FE8E-4EEB-B07E-1D976775ABBA}
	EndGlobalSection
EndGlobal
